{
  "nodes": {
    "home-manager": {
      "inputs": {
        "nixpkgs": [
          "nixpkgs"
        ]
      },
      "locked": {
        "lastModified": 1765170903,
        "narHash": "sha256-O8VTGey1xxiRW+Fpb+Ps9zU7ShmxUA1a7cMTcENCVNg=",
        "owner": "nix-community",
        "repo": "home-manager",
        "rev": "20561be440a11ec57a89715480717baf19fe6343",
        "type": "github"
      },
      "original": {
        "owner": "nix-community",
        "ref": "release-25.11",
        "repo": "home-manager",
        "type": "github"
      }
    },
    "kakaotalk": {
      "inputs": {
        "kakaotalk-exe": "kakaotalk-exe",
        "kakaotalk-icon": "kakaotalk-icon",
        "nixpkgs": "nixpkgs"
      },
      "locked": {
        "lastModified": 1765263389,
        "narHash": "sha256-BxIn5fQl5HbwLl5WjZuYPyw5S4lbx+9nkm3iE4TvL0A=",
        "owner": "anaclumos",
        "repo": "kakaotalk.nix",
        "rev": "b564a855c8eb87e7baf4ec451a4c411dee2fa7e9",
        "type": "github"
      },
      "original": {
        "owner": "anaclumos",
        "repo": "kakaotalk.nix",
        "type": "github"
      }
    },
    "kakaotalk-exe": {
      "flake": false,
      "locked": {
        "narHash": "sha256-+K71T9Je8OICYfTfXxTPpcD4X8PNw7GbRVBcKniu+/A=",
        "type": "file",
        "url": "https://app-pc.kakaocdn.net/talk/win32/KakaoTalk_Setup.exe"
      },
      "original": {
        "type": "file",
        "url": "https://app-pc.kakaocdn.net/talk/win32/KakaoTalk_Setup.exe"
      }
    },
    "kakaotalk-icon": {
      "flake": false,
      "locked": {
        "narHash": "sha256-FcSTBiBxiGyOhRuLkaVIjVt2omY3Tz2NKE/+nGvHDjo=",
        "type": "file",
        "url": "https://upload.wikimedia.org/wikipedia/commons/e/e3/KakaoTalk_logo.svg"
      },
      "original": {
        "type": "file",
        "url": "https://upload.wikimedia.org/wikipedia/commons/e/e3/KakaoTalk_logo.svg"
      }
    },
    "nixos-hardware": {
      "locked": {
        "lastModified": 1764440730,
        "narHash": "sha256-ZlJTNLUKQRANlLDomuRWLBCH5792x+6XUJ4YdFRjtO4=",
        "owner": "NixOS",
        "repo": "nixos-hardware",
        "rev": "9154f4569b6cdfd3c595851a6ba51bfaa472d9f3",
        "type": "github"
      },
      "original": {
        "owner": "NixOS",
        "ref": "master",
        "repo": "nixos-hardware",
        "type": "github"
      }
    },
    "nixpkgs": {
      "locked": {
        "lastModified": 1750731501,
        "narHash": "sha256-Ah4qq+SbwMaGkuXCibyg+Fwn00el4KmI3XFX6htfDuk=",
        "owner": "NixOS",
        "repo": "nixpkgs",
        "rev": "69dfebb3d175bde602f612915c5576a41b18486b",
        "type": "github"
      },
      "original": {
        "id": "nixpkgs",
        "type": "indirect"
      }
    },
    "nixpkgs_2": {
      "locked": {
        "lastModified": 1764983851,
        "narHash": "sha256-y7RPKl/jJ/KAP/VKLMghMgXTlvNIJMHKskl8/Uuar7o=",
        "owner": "nixos",
        "repo": "nixpkgs",
        "rev": "d9bc5c7dceb30d8d6fafa10aeb6aa8a48c218454",
        "type": "github"
      },
      "original": {
        "owner": "nixos",
        "ref": "nixos-25.11",
        "repo": "nixpkgs",
        "type": "github"
      }
    },
    "root": {
      "inputs": {
        "home-manager": "home-manager",
        "kakaotalk": "kakaotalk",
        "nixos-hardware": "nixos-hardware",
        "nixpkgs": "nixpkgs_2"
      }
    }
  },
  "root": "root",
  "version": 7
}
