{
  "nodes": {
    "home-manager": {
      "inputs": {
        "nixpkgs": [
          "nixpkgs"
        ]
      },
      "locked": {
        "lastModified": 1753387274,
        "narHash": "sha256-Y1hAI9h+9DLBbgKvZBsHaeptFIcRw4iC6ySPmzyqmlM=",
        "owner": "nix-community",
        "repo": "home-manager",
        "rev": "a35f6b60430ff0c7803bd2a727df84c87569c167",
        "type": "github"
      },
      "original": {
        "owner": "nix-community",
        "repo": "home-manager",
        "type": "github"
      }
    },
    "kakaotalk": {
      "inputs": {
        "kakaotalk-exe": "kakaotalk-exe",
        "kakaotalk-icon": "kakaotalk-icon",
        "nixpkgs": "nixpkgs"
      },
      "locked": {
        "lastModified": 1752585860,
        "narHash": "sha256-46r7osbxFZ9cor7RYfHb77qpgGV+n2jCMNespqL1H5M=",
        "owner": "anaclumos",
        "repo": "kakaotalk.nix",
        "rev": "8940d476aae41877d9f58660fe3e7e26f4d8d96f",
        "type": "github"
      },
      "original": {
        "owner": "anaclumos",
        "repo": "kakaotalk.nix",
        "type": "github"
      }
    },
    "kakaotalk-exe": {
      "flake": false,
      "locked": {
        "narHash": "sha256-h8zIdf2vCdZeC1fiFga1XeHUdoq/Bq+RAvqgEz4qK1U=",
        "type": "file",
        "url": "https://app-pc.kakaocdn.net/talk/win32/KakaoTalk_Setup.exe"
      },
      "original": {
        "type": "file",
        "url": "https://app-pc.kakaocdn.net/talk/win32/KakaoTalk_Setup.exe"
      }
    },
    "kakaotalk-icon": {
      "flake": false,
      "locked": {
        "narHash": "sha256-FcSTBiBxiGyOhRuLkaVIjVt2omY3Tz2NKE/+nGvHDjo=",
        "type": "file",
        "url": "https://upload.wikimedia.org/wikipedia/commons/e/e3/KakaoTalk_logo.svg"
      },
      "original": {
        "type": "file",
        "url": "https://upload.wikimedia.org/wikipedia/commons/e/e3/KakaoTalk_logo.svg"
      }
    },
    "nixos-hardware": {
      "locked": {
        "lastModified": 1753122741,
        "narHash": "sha256-nFxE8lk9JvGelxClCmwuJYftbHqwnc01dRN4DVLUroM=",
        "owner": "NixOS",
        "repo": "nixos-hardware",
        "rev": "cc66fddc6cb04ab479a1bb062f4d4da27c936a22",
        "type": "github"
      },
      "original": {
        "owner": "NixOS",
        "ref": "master",
        "repo": "nixos-hardware",
        "type": "github"
      }
    },
    "nixpkgs": {
      "locked": {
        "lastModified": 1750731501,
        "narHash": "sha256-Ah4qq+SbwMaGkuXCibyg+Fwn00el4KmI3XFX6htfDuk=",
        "owner": "NixOS",
        "repo": "nixpkgs",
        "rev": "69dfebb3d175bde602f612915c5576a41b18486b",
        "type": "github"
      },
      "original": {
        "id": "nixpkgs",
        "type": "indirect"
      }
    },
    "nixpkgs_2": {
      "locked": {
        "lastModified": 1753250450,
        "narHash": "sha256-i+CQV2rPmP8wHxj0aq4siYyohHwVlsh40kV89f3nw1s=",
        "owner": "nixos",
        "repo": "nixpkgs",
        "rev": "fc02ee70efb805d3b2865908a13ddd4474557ecf",
        "type": "github"
      },
      "original": {
        "owner": "nixos",
        "ref": "nixos-unstable",
        "repo": "nixpkgs",
        "type": "github"
      }
    },
    "root": {
      "inputs": {
        "home-manager": "home-manager",
        "kakaotalk": "kakaotalk",
        "nixos-hardware": "nixos-hardware",
        "nixpkgs": "nixpkgs_2"
      }
    }
  },
  "root": "root",
  "version": 7
}
